// !$*UTF8*$!
{
	archiveVersion = 1;
	classes = {
	};
	objectVersion = 56;
	objects = {

/* Begin PBXBuildFile section */
		EE3855BA2EEEF4A3006FC234 /* MyExpensesApp.swift in Sources */ = {isa = PBXBuildFile; fileRef = EE3855B92EEEF4A3006FC234 /* MyExpensesApp.swift */; };
		EE3855BC2EEEF4A3006FC234 /* MainTabView.swift in Sources */ = {isa = PBXBuildFile; fileRef = EE3855BB2EEEF4A3006FC234 /* MainTabView.swift */; };
		EE3855BE2EEEF4A9006FC234 /* Assets.xcassets in Resources */ = {isa = PBXBuildFile; fileRef = EE3855BD2EEEF4A9006FC234 /* Assets.xcassets */; };
		EE3855C12EEEF4A9006FC234 /* Preview Assets.xcassets in Resources */ = {isa = PBXBuildFile; fileRef = EE3855C02EEEF4A9006FC234 /* Preview Assets.xcassets */; };
		EE3855CC2EEEF949006FC234 /* ExpenseModel.swift in Sources */ = {isa = PBXBuildFile; fileRef = EE3855CB2EEEF949006FC234 /* ExpenseModel.swift */; };
		EE3855CE2EEEF989006FC234 /* ExpenseRepository.swift in Sources */ = {isa = PBXBuildFile; fileRef = EE3855CD2EEEF989006FC234 /* ExpenseRepository.swift */; };
		EE3855D02EEEF9E6006FC234 /* ExpensesViewModel.swift in Sources */ = {isa = PBXBuildFile; fileRef = EE3855CF2EEEF9E6006FC234 /* ExpensesViewModel.swift */; };
		EE3855D22EEEFA14006FC234 /* ExpensesListView.swift in Sources */ = {isa = PBXBuildFile; fileRef = EE3855D12EEEFA14006FC234 /* ExpensesListView.swift */; };
		EE3855D42EEEFA6B006FC234 /* CategoryIconView.swift in Sources */ = {isa = PBXBuildFile; fileRef = EE3855D32EEEFA6B006FC234 /* CategoryIconView.swift */; };
		EE3855D62EEEFB36006FC234 /* ExpenseCategory.swift in Sources */ = {isa = PBXBuildFile; fileRef = EE3855D52EEEFB36006FC234 /* ExpenseCategory.swift */; };
		EE3855D92EEEFB88006FC234 /* PersistenceController.swift in Sources */ = {isa = PBXBuildFile; fileRef = EE3855D82EEEFB88006FC234 /* PersistenceController.swift */; };
		EE3855DB2EEEFBF1006FC234 /* AddEditExpenseView.swift in Sources */ = {isa = PBXBuildFile; fileRef = EE3855DA2EEEFBF1006FC234 /* AddEditExpenseView.swift */; };
		EE3855DD2EEEFC24006FC234 /* DashboardView.swift in Sources */ = {isa = PBXBuildFile; fileRef = EE3855DC2EEEFC24006FC234 /* DashboardView.swift */; };
		EE3855DF2EEEFC9B006FC234 /* ChartView.swift in Sources */ = {isa = PBXBuildFile; fileRef = EE3855DE2EEEFC9B006FC234 /* ChartView.swift */; };
		EE3855E12EEEFCD4006FC234 /* FiltersExportView.swift in Sources */ = {isa = PBXBuildFile; fileRef = EE3855E02EEEFCD4006FC234 /* FiltersExportView.swift */; };
		EE3855E42EEEFD5D006FC234 /* Helpers.swift in Sources */ = {isa = PBXBuildFile; fileRef = EE3855E32EEEFD5D006FC234 /* Helpers.swift */; };
/* End PBXBuildFile section */

/* Begin PBXFileReference section */
		EE2C986E2EFDD8F5004D8320 /* MyExpenseDemo.mp4 */ = {isa = PBXFileReference; lastKnownFileType = file; path = MyExpenseDemo.mp4; sourceTree = "<group>"; };
		EE3855B62EEEF4A3006FC234 /* MyExpenses.app */ = {isa = PBXFileReference; explicitFileType = wrapper.application; includeInIndex = 0; path = MyExpenses.app; sourceTree = BUILT_PRODUCTS_DIR; };
		EE3855B92EEEF4A3006FC234 /* MyExpensesApp.swift */ = {isa = PBXFileReference; lastKnownFileType = sourcecode.swift; path = MyExpensesApp.swift; sourceTree = "<group>"; };
		EE3855BB2EEEF4A3006FC234 /* MainTabView.swift */ = {isa = PBXFileReference; lastKnownFileType = sourcecode.swift; path = MainTabView.swift; sourceTree = "<group>"; };
		EE3855BD2EEEF4A9006FC234 /* Assets.xcassets */ = {isa = PBXFileReference; lastKnownFileType = folder.assetcatalog; path = Assets.xcassets; sourceTree = "<group>"; };
		EE3855C02EEEF4A9006FC234 /* Preview Assets.xcassets */ = {isa = PBXFileReference; lastKnownFileType = folder.assetcatalog; path = "Preview Assets.xcassets"; sourceTree = "<group>"; };
		EE3855CB2EEEF949006FC234 /* ExpenseModel.swift */ = {isa = PBXFileReference; lastKnownFileType = sourcecode.swift; path = ExpenseModel.swift; sourceTree = "<group>"; };
		EE3855CD2EEEF989006FC234 /* ExpenseRepository.swift */ = {isa = PBXFileReference; lastKnownFileType = sourcecode.swift; path = ExpenseRepository.swift; sourceTree = "<group>"; };
		EE3855CF2EEEF9E6006FC234 /* ExpensesViewModel.swift */ = {isa = PBXFileReference; lastKnownFileType = sourcecode.swift; path = ExpensesViewModel.swift; sourceTree = "<group>"; };
		EE3855D12EEEFA14006FC234 /* ExpensesListView.swift */ = {isa = PBXFileReference; lastKnownFileType = sourcecode.swift; path = ExpensesListView.swift; sourceTree = "<group>"; };
		EE3855D32EEEFA6B006FC234 /* CategoryIconView.swift */ = {isa = PBXFileReference; lastKnownFileType = sourcecode.swift; path = CategoryIconView.swift; sourceTree = "<group>"; };
		EE3855D52EEEFB36006FC234 /* ExpenseCategory.swift */ = {isa = PBXFileReference; lastKnownFileType = sourcecode.swift; path = ExpenseCategory.swift; sourceTree = "<group>"; };
		EE3855D82EEEFB88006FC234 /* PersistenceController.swift */ = {isa = PBXFileReference; lastKnownFileType = sourcecode.swift; path = PersistenceController.swift; sourceTree = "<group>"; };
		EE3855DA2EEEFBF1006FC234 /* AddEditExpenseView.swift */ = {isa = PBXFileReference; lastKnownFileType = sourcecode.swift; path = AddEditExpenseView.swift; sourceTree = "<group>"; };
		EE3855DC2EEEFC24006FC234 /* DashboardView.swift */ = {isa = PBXFileReference; lastKnownFileType = sourcecode.swift; path = DashboardView.swift; sourceTree = "<group>"; };
		EE3855DE2EEEFC9B006FC234 /* ChartView.swift */ = {isa = PBXFileReference; lastKnownFileType = sourcecode.swift; path = ChartView.swift; sourceTree = "<group>"; };
		EE3855E02EEEFCD4006FC234 /* FiltersExportView.swift */ = {isa = PBXFileReference; lastKnownFileType = sourcecode.swift; path = FiltersExportView.swift; sourceTree = "<group>"; };
		EE3855E32EEEFD5D006FC234 /* Helpers.swift */ = {isa = PBXFileReference; lastKnownFileType = sourcecode.swift; path = Helpers.swift; sourceTree = "<group>"; };
/* End PBXFileReference section */

/* Begin PBXFrameworksBuildPhase section */
		EE3855B32EEEF4A3006FC234 /* Frameworks */ = {
			isa = PBXFrameworksBuildPhase;
			buildActionMask = 2147483647;
			files = (
			);
			runOnlyForDeploymentPostprocessing = 0;
		};
/* End PBXFrameworksBuildPhase section */

/* Begin PBXGroup section */
		EE3855AD2EEEF4A3006FC234 = {
			isa = PBXGroup;
			children = (
				EE3855B82EEEF4A3006FC234 /* MyExpenses */,
				EE3855B72EEEF4A3006FC234 /* Products */,
			);
			sourceTree = "<group>";
		};
		EE3855B72EEEF4A3006FC234 /* Products */ = {
			isa = PBXGroup;
			children = (
				EE3855B62EEEF4A3006FC234 /* MyExpenses.app */,
			);
			name = Products;
			sourceTree = "<group>";
		};
		EE3855B82EEEF4A3006FC234 /* MyExpenses */ = {
			isa = PBXGroup;
			children = (
				EE3855E22EEEFD4B006FC234 /* Helpers */,
				EE3855CA2EEEF923006FC234 /* ViewModel */,
				EE3855C92EEEF91A006FC234 /* Views */,
				EE3855C82EEEF905006FC234 /* Models */,
				EE3855C72EEEF8A4006FC234 /* Repository */,
				EE3855B92EEEF4A3006FC234 /* MyExpensesApp.swift */,
				EE3855BD2EEEF4A9006FC234 /* Assets.xcassets */,
				EE2C986E2EFDD8F5004D8320 /* MyExpenseDemo.mp4 */,
				EE3855BF2EEEF4A9006FC234 /* Preview Content */,
			);
			path = MyExpenses;
			sourceTree = "<group>";
		};
		EE3855BF2EEEF4A9006FC234 /* Preview Content */ = {
			isa = PBXGroup;
			children = (
				EE3855C02EEEF4A9006FC234 /* Preview Assets.xcassets */,
			);
			path = "Preview Content";
			sourceTree = "<group>";
		};
		EE3855C72EEEF8A4006FC234 /* Repository */ = {
			isa = PBXGroup;
			children = (
				EE3855CD2EEEF989006FC234 /* ExpenseRepository.swift */,
				EE3855D82EEEFB88006FC234 /* PersistenceController.swift */,
			);
			path = Repository;
			sourceTree = "<group>";
		};
		EE3855C82EEEF905006FC234 /* Models */ = {
			isa = PBXGroup;
			children = (
				EE3855CB2EEEF949006FC234 /* ExpenseModel.swift */,
				EE3855D52EEEFB36006FC234 /* ExpenseCategory.swift */,
			);
			path = Models;
			sourceTree = "<group>";
		};
		EE3855C92EEEF91A006FC234 /* Views */ = {
			isa = PBXGroup;
			children = (
				EE3855BB2EEEF4A3006FC234 /* MainTabView.swift */,
				EE3855D12EEEFA14006FC234 /* ExpensesListView.swift */,
				EE3855DC2EEEFC24006FC234 /* DashboardView.swift */,
				EE3855E02EEEFCD4006FC234 /* FiltersExportView.swift */,
				EE3855D32EEEFA6B006FC234 /* CategoryIconView.swift */,
				EE3855DA2EEEFBF1006FC234 /* AddEditExpenseView.swift */,
				EE3855DE2EEEFC9B006FC234 /* ChartView.swift */,
			);
			path = Views;
			sourceTree = "<group>";
		};
		EE3855CA2EEEF923006FC234 /* ViewModel */ = {
			isa = PBXGroup;
			children = (
				EE3855CF2EEEF9E6006FC234 /* ExpensesViewModel.swift */,
			);
			path = ViewModel;
			sourceTree = "<group>";
		};
		EE3855E22EEEFD4B006FC234 /* Helpers */ = {
			isa = PBXGroup;
			children = (
				EE3855E32EEEFD5D006FC234 /* Helpers.swift */,
			);
			path = Helpers;
			sourceTree = "<group>";
		};
/* End PBXGroup section */

/* Begin PBXNativeTarget section */
		EE3855B52EEEF4A3006FC234 /* MyExpenses */ = {
			isa = PBXNativeTarget;
			buildConfigurationList = EE3855C42EEEF4A9006FC234 /* Build configuration list for PBXNativeTarget "MyExpenses" */;
			buildPhases = (
				EE3855B22EEEF4A3006FC234 /* Sources */,
				EE3855B32EEEF4A3006FC234 /* Frameworks */,
				EE3855B42EEEF4A3006FC234 /* Resources */,
			);
			buildRules = (
			);
			dependencies = (
			);
			name = MyExpenses;
			productName = MyExpenses;
			productReference = EE3855B62EEEF4A3006FC234 /* MyExpenses.app */;
			productType = "com.apple.product-type.application";
		};
/* End PBXNativeTarget section */

/* Begin PBXProject section */
		EE3855AE2EEEF4A3006FC234 /* Project object */ = {
			isa = PBXProject;
			attributes = {
				BuildIndependentTargetsInParallel = 1;
				LastSwiftUpdateCheck = 1420;
				LastUpgradeCheck = 1420;
				TargetAttributes = {
					EE3855B52EEEF4A3006FC234 = {
						CreatedOnToolsVersion = 14.2;
					};
				};
			};
			buildConfigurationList = EE3855B12EEEF4A3006FC234 /* Build configuration list for PBXProject "MyExpenses" */;
			compatibilityVersion = "Xcode 14.0";
			developmentRegion = en;
			hasScannedForEncodings = 0;
			knownRegions = (
				en,
				Base,
			);
			mainGroup = EE3855AD2EEEF4A3006FC234;
			productRefGroup = EE3855B72EEEF4A3006FC234 /* Products */;
			projectDirPath = "";
			projectRoot = "";
			targets = (
				EE3855B52EEEF4A3006FC234 /* MyExpenses */,
			);
		};
/* End PBXProject section */

/* Begin PBXResourcesBuildPhase section */
		EE3855B42EEEF4A3006FC234 /* Resources */ = {
			isa = PBXResourcesBuildPhase;
			buildActionMask = 2147483647;
			files = (
				EE3855C12EEEF4A9006FC234 /* Preview Assets.xcassets in Resources */,
				EE3855BE2EEEF4A9006FC234 /* Assets.xcassets in Resources */,
			);
			runOnlyForDeploymentPostprocessing = 0;
		};
/* End PBXResourcesBuildPhase section */

/* Begin PBXSourcesBuildPhase section */
		EE3855B22EEEF4A3006FC234 /* Sources */ = {
			isa = PBXSourcesBuildPhase;
			buildActionMask = 2147483647;
			files = (
				EE3855D92EEEFB88006FC234 /* PersistenceController.swift in Sources */,
				EE3855E42EEEFD5D006FC234 /* Helpers.swift in Sources */,
				EE3855D02EEEF9E6006FC234 /* ExpensesViewModel.swift in Sources */,
				EE3855D22EEEFA14006FC234 /* ExpensesListView.swift in Sources */,
				EE3855CC2EEEF949006FC234 /* ExpenseModel.swift in Sources */,
				EE3855BC2EEEF4A3006FC234 /* MainTabView.swift in Sources */,
				EE3855CE2EEEF989006FC234 /* ExpenseRepository.swift in Sources */,
				EE3855DD2EEEFC24006FC234 /* DashboardView.swift in Sources */,
				EE3855E12EEEFCD4006FC234 /* FiltersExportView.swift in Sources */,
				EE3855BA2EEEF4A3006FC234 /* MyExpensesApp.swift in Sources */,
				EE3855D62EEEFB36006FC234 /* ExpenseCategory.swift in Sources */,
				EE3855D42EEEFA6B006FC234 /* CategoryIconView.swift in Sources */,
				EE3855DB2EEEFBF1006FC234 /* AddEditExpenseView.swift in Sources */,
				EE3855DF2EEEFC9B006FC234 /* ChartView.swift in Sources */,
			);
			runOnlyForDeploymentPostprocessing = 0;
		};
/* End PBXSourcesBuildPhase section */

/* Begin XCBuildConfiguration section */
		EE3855C22EEEF4A9006FC234 /* Debug */ = {
			isa = XCBuildConfiguration;
			buildSettings = {
				ALWAYS_SEARCH_USER_PATHS = NO;
				CLANG_ANALYZER_NONNULL = YES;
				CLANG_ANALYZER_NUMBER_OBJECT_CONVERSION = YES_AGGRESSIVE;
				CLANG_CXX_LANGUAGE_STANDARD = "gnu++20";
				CLANG_ENABLE_MODULES = YES;
				CLANG_ENABLE_OBJC_ARC = YES;
				CLANG_ENABLE_OBJC_WEAK = YES;
				CLANG_WARN_BLOCK_CAPTURE_AUTORELEASING = YES;
				CLANG_WARN_BOOL_CONVERSION = YES;
				CLANG_WARN_COMMA = YES;
				CLANG_WARN_CONSTANT_CONVERSION = YES;
				CLANG_WARN_DEPRECATED_OBJC_IMPLEMENTATIONS = YES;
				CLANG_WARN_DIRECT_OBJC_ISA_USAGE = YES_ERROR;
				CLANG_WARN_DOCUMENTATION_COMMENTS = YES;
				CLANG_WARN_EMPTY_BODY = YES;
				CLANG_WARN_ENUM_CONVERSION = YES;
				CLANG_WARN_INFINITE_RECURSION = YES;
				CLANG_WARN_INT_CONVERSION = YES;
				CLANG_WARN_NON_LITERAL_NULL_CONVERSION = YES;
				CLANG_WARN_OBJC_IMPLICIT_RETAIN_SELF = YES;
				CLANG_WARN_OBJC_LITERAL_CONVERSION = YES;
				CLANG_WARN_OBJC_ROOT_CLASS = YES_ERROR;
				CLANG_WARN_QUOTED_INCLUDE_IN_FRAMEWORK_HEADER = YES;
				CLANG_WARN_RANGE_LOOP_ANALYSIS = YES;
				CLANG_WARN_STRICT_PROTOTYPES = YES;
				CLANG_WARN_SUSPICIOUS_MOVE = YES;
				CLANG_WARN_UNGUARDED_AVAILABILITY = YES_AGGRESSIVE;
				CLANG_WARN_UNREACHABLE_CODE = YES;
				CLANG_WARN__DUPLICATE_METHOD_MATCH = YES;
				COPY_PHASE_STRIP = NO;
				DEBUG_INFORMATION_FORMAT = dwarf;
				ENABLE_STRICT_OBJC_MSGSEND = YES;
				ENABLE_TESTABILITY = YES;
				GCC_C_LANGUAGE_STANDARD = gnu11;
				GCC_DYNAMIC_NO_PIC = NO;
				GCC_NO_COMMON_BLOCKS = YES;
				GCC_OPTIMIZATION_LEVEL = 0;
				GCC_PREPROCESSOR_DEFINITIONS = (
					"DEBUG=1",
					"$(inherited)",
				);
				GCC_WARN_64_TO_32_BIT_CONVERSION = YES;
				GCC_WARN_ABOUT_RETURN_TYPE = YES_ERROR;
				GCC_WARN_UNDECLARED_SELECTOR = YES;
				GCC_WARN_UNINITIALIZED_AUTOS = YES_AGGRESSIVE;
				GCC_WARN_UNUSED_FUNCTION = YES;
				GCC_WARN_UNUSED_VARIABLE = YES;
				IPHONEOS_DEPLOYMENT_TARGET = 16.2;
				MTL_ENABLE_DEBUG_INFO = INCLUDE_SOURCE;
				MTL_FAST_MATH = YES;
				ONLY_ACTIVE_ARCH = YES;
				SDKROOT = iphoneos;
				SWIFT_ACTIVE_COMPILATION_CONDITIONS = DEBUG;
				SWIFT_OPTIMIZATION_LEVEL = "-Onone";
			};
			name = Debug;
		};
		EE3855C32EEEF4A9006FC234 /* Release */ = {
			isa = XCBuildConfiguration;
			buildSettings = {
				ALWAYS_SEARCH_USER_PATHS = NO;
				CLANG_ANALYZER_NONNULL = YES;
				CLANG_ANALYZER_NUMBER_OBJECT_CONVERSION = YES_AGGRESSIVE;
				CLANG_CXX_LANGUAGE_STANDARD = "gnu++20";
				CLANG_ENABLE_MODULES = YES;
				CLANG_ENABLE_OBJC_ARC = YES;
				CLANG_ENABLE_OBJC_WEAK = YES;
				CLANG_WARN_BLOCK_CAPTURE_AUTORELEASING = YES;
				CLANG_WARN_BOOL_CONVERSION = YES;
				CLANG_WARN_COMMA = YES;
				CLANG_WARN_CONSTANT_CONVERSION = YES;
				CLANG_WARN_DEPRECATED_OBJC_IMPLEMENTATIONS = YES;
				CLANG_WARN_DIRECT_OBJC_ISA_USAGE = YES_ERROR;
				CLANG_WARN_DOCUMENTATION_COMMENTS = YES;
				CLANG_WARN_EMPTY_BODY = YES;
				CLANG_WARN_ENUM_CONVERSION = YES;
				CLANG_WARN_INFINITE_RECURSION = YES;
				CLANG_WARN_INT_CONVERSION = YES;
				CLANG_WARN_NON_LITERAL_NULL_CONVERSION = YES;
				CLANG_WARN_OBJC_IMPLICIT_RETAIN_SELF = YES;
				CLANG_WARN_OBJC_LITERAL_CONVERSION = YES;
				CLANG_WARN_OBJC_ROOT_CLASS = YES_ERROR;
				CLANG_WARN_QUOTED_INCLUDE_IN_FRAMEWORK_HEADER = YES;
				CLANG_WARN_RANGE_LOOP_ANALYSIS = YES;
				CLANG_WARN_STRICT_PROTOTYPES = YES;
				CLANG_WARN_SUSPICIOUS_MOVE = YES;
				CLANG_WARN_UNGUARDED_AVAILABILITY = YES_AGGRESSIVE;
				CLANG_WARN_UNREACHABLE_CODE = YES;
				CLANG_WARN__DUPLICATE_METHOD_MATCH = YES;
				COPY_PHASE_STRIP = NO;
				DEBUG_INFORMATION_FORMAT = "dwarf-with-dsym";
				ENABLE_NS_ASSERTIONS = NO;
				ENABLE_STRICT_OBJC_MSGSEND = YES;
				GCC_C_LANGUAGE_STANDARD = gnu11;
				GCC_NO_COMMON_BLOCKS = YES;
				GCC_WARN_64_TO_32_BIT_CONVERSION = YES;
				GCC_WARN_ABOUT_RETURN_TYPE = YES_ERROR;
				GCC_WARN_UNDECLARED_SELECTOR = YES;
				GCC_WARN_UNINITIALIZED_AUTOS = YES_AGGRESSIVE;
				GCC_WARN_UNUSED_FUNCTION = YES;
				GCC_WARN_UNUSED_VARIABLE = YES;
				IPHONEOS_DEPLOYMENT_TARGET = 16.2;
				MTL_ENABLE_DEBUG_INFO = NO;
				MTL_FAST_MATH = YES;
				SDKROOT = iphoneos;
				SWIFT_COMPILATION_MODE = wholemodule;
				SWIFT_OPTIMIZATION_LEVEL = "-O";
				VALIDATE_PRODUCT = YES;
			};
			name = Release;
		};
		EE3855C52EEEF4A9006FC234 /* Debug */ = {
			isa = XCBuildConfiguration;
			buildSettings = {
				ASSETCATALOG_COMPILER_APPICON_NAME = AppIcon;
				ASSETCATALOG_COMPILER_GLOBAL_ACCENT_COLOR_NAME = AccentColor;
				CODE_SIGN_STYLE = Automatic;
				CURRENT_PROJECT_VERSION = 1;
				DEVELOPMENT_ASSET_PATHS = "\"MyExpenses/Preview Content\"";
				ENABLE_PREVIEWS = YES;
				GENERATE_INFOPLIST_FILE = YES;
				INFOPLIST_KEY_UIApplicationSceneManifest_Generation = YES;
				INFOPLIST_KEY_UIApplicationSupportsIndirectInputEvents = YES;
				INFOPLIST_KEY_UILaunchScreen_Generation = YES;
				INFOPLIST_KEY_UISupportedInterfaceOrientations_iPad = "UIInterfaceOrientationPortrait UIInterfaceOrientationPortraitUpsideDown UIInterfaceOrientationLandscapeLeft UIInterfaceOrientationLandscapeRight";
				INFOPLIST_KEY_UISupportedInterfaceOrientations_iPhone = "UIInterfaceOrientationPortrait UIInterfaceOrientationLandscapeLeft UIInterfaceOrientationLandscapeRight";
				LD_RUNPATH_SEARCH_PATHS = (
					"$(inherited)",
					"@executable_path/Frameworks",
				);
				MARKETING_VERSION = 1.0;
				PRODUCT_BUNDLE_IDENTIFIER = test.MyExpenses;
				PRODUCT_NAME = "$(TARGET_NAME)";
				SWIFT_EMIT_LOC_STRINGS = YES;
				SWIFT_VERSION = 5.0;
				TARGETED_DEVICE_FAMILY = "1,2";
			};
			name = Debug;
		};
		EE3855C62EEEF4A9006FC234 /* Release */ = {
			isa = XCBuildConfiguration;
			buildSettings = {
				ASSETCATALOG_COMPILER_APPICON_NAME = AppIcon;
				ASSETCATALOG_COMPILER_GLOBAL_ACCENT_COLOR_NAME = AccentColor;
				CODE_SIGN_STYLE = Automatic;
				CURRENT_PROJECT_VERSION = 1;
				DEVELOPMENT_ASSET_PATHS = "\"MyExpenses/Preview Content\"";
				ENABLE_PREVIEWS = YES;
				GENERATE_INFOPLIST_FILE = YES;
				INFOPLIST_KEY_UIApplicationSceneManifest_Generation = YES;
				INFOPLIST_KEY_UIApplicationSupportsIndirectInputEvents = YES;
				INFOPLIST_KEY_UILaunchScreen_Generation = YES;
				INFOPLIST_KEY_UISupportedInterfaceOrientations_iPad = "UIInterfaceOrientationPortrait UIInterfaceOrientationPortraitUpsideDown UIInterfaceOrientationLandscapeLeft UIInterfaceOrientationLandscapeRight";
				INFOPLIST_KEY_UISupportedInterfaceOrientations_iPhone = "UIInterfaceOrientationPortrait UIInterfaceOrientationLandscapeLeft UIInterfaceOrientationLandscapeRight";
				LD_RUNPATH_SEARCH_PATHS = (
					"$(inherited)",
					"@executable_path/Frameworks",
				);
				MARKETING_VERSION = 1.0;
				PRODUCT_BUNDLE_IDENTIFIER = test.MyExpenses;
				PRODUCT_NAME = "$(TARGET_NAME)";
				SWIFT_EMIT_LOC_STRINGS = YES;
				SWIFT_VERSION = 5.0;
				TARGETED_DEVICE_FAMILY = "1,2";
			};
			name = Release;
		};
/* End XCBuildConfiguration section */

/* Begin XCConfigurationList section */
		EE3855B12EEEF4A3006FC234 /* Build configuration list for PBXProject "MyExpenses" */ = {
			isa = XCConfigurationList;
			buildConfigurations = (
				EE3855C22EEEF4A9006FC234 /* Debug */,
				EE3855C32EEEF4A9006FC234 /* Release */,
			);
			defaultConfigurationIsVisible = 0;
			defaultConfigurationName = Release;
		};
		EE3855C42EEEF4A9006FC234 /* Build configuration list for PBXNativeTarget "MyExpenses" */ = {
			isa = XCConfigurationList;
			buildConfigurations = (
				EE3855C52EEEF4A9006FC234 /* Debug */,
				EE3855C62EEEF4A9006FC234 /* Release */,
			);
			defaultConfigurationIsVisible = 0;
			defaultConfigurationName = Release;
		};
/* End XCConfigurationList section */
	};
	rootObject = EE3855AE2EEEF4A3006FC234 /* Project object */;
}
